<?xml version="1.0" encoding="utf-8"?>
<Project ToolsVersion="4.0" xmlns="http://schemas.microsoft.com/developer/msbuild/2003">
  <ItemGroup>
    <Filter Include="Source Files">
      <UniqueIdentifier>{b27270bb-547c-4427-a6ce-b507e17c644b}</UniqueIdentifier>
      <Extensions>cpp;c;cxx;rc;def;r;odl;idl;hpj;bat</Extensions>
    </Filter>
    <Filter Include="Header Files">
      <UniqueIdentifier>{769f863c-6a81-447b-8b51-c293ab496a1e}</UniqueIdentifier>
      <Extensions>h;hpp;hxx;hm;inl</Extensions>
    </Filter>
    <Filter Include="Resource Files">
      <UniqueIdentifier>{27ebc968-2e54-44a8-b748-4febe3509136}</UniqueIdentifier>
      <Extensions>ico;cur;bmp;dlg;rc2;rct;bin;rgs;gif;jpg;jpeg;jpe</Extensions>
    </Filter>
    <Filter Include="Line-Tri Intersect">
      <UniqueIdentifier>{34b81dd0-ce08-4f34-84c2-3212f72b0f50}</UniqueIdentifier>
      <Extensions>cpp;h</Extensions>
    </Filter>
    <Filter Include="Sys-time">
      <UniqueIdentifier>{412ed053-f25c-4f1c-a926-0d3cd335d013}</UniqueIdentifier>
      <Extensions>cpp;h</Extensions>
    </Filter>
  </ItemGroup>
  <ItemGroup>
    <ClCompile Include="CAi.cpp">
      <Filter>Source Files</Filter>
    </ClCompile>
    <ClCompile Include="CAudio.cpp">
      <Filter>Source Files</Filter>
    </ClCompile>
    <ClCompile Include="CCamera.cpp">
      <Filter>Source Files</Filter>
    </ClCompile>
    <ClCompile Include="CClient.cpp">
      <Filter>Source Files</Filter>
    </ClCompile>
    <ClCompile Include="CConsole.cpp">
      <Filter>Source Files</Filter>
    </ClCompile>
    <ClCompile Include="CConsoleDlg.cpp">
      <Filter>Source Files</Filter>
    </ClCompile>
    <ClCompile Include="CConsoleDlg_BaseCmds.cpp">
      <Filter>Source Files</Filter>
    </ClCompile>
    <ClCompile Include="CConsoleOGL.cpp">
      <Filter>Source Files</Filter>
    </ClCompile>
    <ClCompile Include="CConsoleOGL_BaseCmds.cpp">
      <Filter>Source Files</Filter>
    </ClCompile>
    <ClCompile Include="CControls.cpp">
      <Filter>Source Files</Filter>
    </ClCompile>
    <ClCompile Include="CDisplay.cpp">
      <Filter>Source Files</Filter>
    </ClCompile>
    <ClCompile Include="CError.cpp">
      <Filter>Source Files</Filter>
    </ClCompile>
    <ClCompile Include="CLight.cpp">
      <Filter>Source Files</Filter>
    </ClCompile>
    <ClCompile Include="CMenu.cpp">
      <Filter>Source Files</Filter>
    </ClCompile>
    <ClCompile Include="CModel.cpp">
      <Filter>Source Files</Filter>
    </ClCompile>
    <ClCompile Include="CModelData.cpp">
      <Filter>Source Files</Filter>
    </ClCompile>
    <ClCompile Include="CModelDisp.cpp">
      <Filter>Source Files</Filter>
    </ClCompile>
    <ClCompile Include="CModelInst.cpp">
      <Filter>Source Files</Filter>
    </ClCompile>
    <ClCompile Include="CModelLinks.cpp">
      <Filter>Source Files</Filter>
    </ClCompile>
    <ClCompile Include="CNetwork.cpp">
      <Filter>Source Files</Filter>
    </ClCompile>
    <ClCompile Include="CPlayer.cpp">
      <Filter>Source Files</Filter>
    </ClCompile>
    <ClCompile Include="CScene.cpp">
      <Filter>Source Files</Filter>
    </ClCompile>
    <ClCompile Include="CSceneLoad.cpp">
      <Filter>Source Files</Filter>
    </ClCompile>
    <ClCompile Include="CServer.cpp">
      <Filter>Source Files</Filter>
    </ClCompile>
    <ClCompile Include="CShip.cpp">
      <Filter>Source Files</Filter>
    </ClCompile>
    <ClCompile Include="CShipCollisionDet.cpp">
      <Filter>Source Files</Filter>
    </ClCompile>
    <ClCompile Include="CShipControls.cpp">
      <Filter>Source Files</Filter>
    </ClCompile>
    <ClCompile Include="CShipLoad.cpp">
      <Filter>Source Files</Filter>
    </ClCompile>
    <ClCompile Include="CShipLogic.cpp">
      <Filter>Source Files</Filter>
    </ClCompile>
    <ClCompile Include="CSpline.cpp">
      <Filter>Source Files</Filter>
    </ClCompile>
    <ClCompile Include="CSplineDisp.cpp">
      <Filter>Source Files</Filter>
    </ClCompile>
    <ClCompile Include="CTexture.cpp">
      <Filter>Source Files</Filter>
    </ClCompile>
    <ClCompile Include="CTrack.cpp">
      <Filter>Source Files</Filter>
    </ClCompile>
    <ClCompile Include="CTrackCollisionDet.cpp">
      <Filter>Source Files</Filter>
    </ClCompile>
    <ClCompile Include="CTrackLoad.cpp">
      <Filter>Source Files</Filter>
    </ClCompile>
    <ClCompile Include="Global.cpp">
      <Filter>Source Files</Filter>
    </ClCompile>
    <ClCompile Include="Vector.cpp">
      <Filter>Source Files</Filter>
    </ClCompile>
    <ClCompile Include="WinMain.cpp">
      <Filter>Source Files</Filter>
    </ClCompile>
    <ClCompile Include="lin3tri3.cpp">
      <Filter>Line-Tri Intersect</Filter>
    </ClCompile>
    <ClCompile Include="Sys_time.cpp">
      <Filter>Sys-time</Filter>
    </ClCompile>
  </ItemGroup>
  <ItemGroup>
    <ClInclude Include="CAi.h">
      <Filter>Header Files</Filter>
    </ClInclude>
    <ClInclude Include="CAudio.h">
      <Filter>Header Files</Filter>
    </ClInclude>
    <ClInclude Include="CCamera.h">
      <Filter>Header Files</Filter>
    </ClInclude>
    <ClInclude Include="CClient.h">
      <Filter>Header Files</Filter>
    </ClInclude>
    <ClInclude Include="CConsole.h">
      <Filter>Header Files</Filter>
    </ClInclude>
    <ClInclude Include="CConsoleDlg.h">
      <Filter>Header Files</Filter>
    </ClInclude>
    <ClInclude Include="CConsoleOGL.h">
      <Filter>Header Files</Filter>
    </ClInclude>
    <ClInclude Include="CControls.h">
      <Filter>Header Files</Filter>
    </ClInclude>
    <ClInclude Include="CDisplay.h">
      <Filter>Header Files</Filter>
    </ClInclude>
    <ClInclude Include="CError.h">
      <Filter>Header Files</Filter>
    </ClInclude>
    <ClInclude Include="CMenu.h">
      <Filter>Header Files</Filter>
    </ClInclude>
    <ClInclude Include="CNetwork.h">
      <Filter>Header Files</Filter>
    </ClInclude>
    <ClInclude Include="ConvCommon.h">
      <Filter>Header Files</Filter>
    </ClInclude>
    <ClInclude Include="CPlayer.h">
      <Filter>Header Files</Filter>
    </ClInclude>
    <ClInclude Include="CScene.h">
      <Filter>Header Files</Filter>
    </ClInclude>
    <ClInclude Include="CServer.h">
      <Filter>Header Files</Filter>
    </ClInclude>
    <ClInclude Include="CShip.h">
      <Filter>Header Files</Filter>
    </ClInclude>
    <ClInclude Include="CTrack.h">
      <Filter>Header Files</Filter>
    </ClInclude>
    <ClInclude Include="Global.h">
      <Filter>Header Files</Filter>
    </ClInclude>
    <ClInclude Include="Types.h">
      <Filter>Header Files</Filter>
    </ClInclude>
    <ClInclude Include="Vector.h">
      <Filter>Header Files</Filter>
    </ClInclude>
    <ClInclude Include="WinMain.h">
      <Filter>Header Files</Filter>
    </ClInclude>
    <ClInclude Include="resource.h">
      <Filter>Resource Files</Filter>
    </ClInclude>
    <ClInclude Include="lin3tri3.h">
      <Filter>Line-Tri Intersect</Filter>
    </ClInclude>
    <ClInclude Include="lincomm.h">
      <Filter>Line-Tri Intersect</Filter>
    </ClInclude>
    <ClInclude Include="Sys_time.h">
      <Filter>Sys-time</Filter>
    </ClInclude>
  </ItemGroup>
  <ItemGroup>
    <ResourceCompile Include="resource.rc">
      <Filter>Resource Files</Filter>
    </ResourceCompile>
  </ItemGroup>
  <ItemGroup>
    <Image Include="shelter.ico">
      <Filter>Resource Files</Filter>
    </Image>
  </ItemGroup>
</Project>